{
  "version": "4",
  "specifiers": {
    "jsr:@std/collections@^1.0.9": "1.0.10",
    "jsr:@std/toml@^1.0.2": "1.0.2"
  },
  "jsr": {
    "@std/collections@1.0.10": {
      "integrity": "903af106a3d92970d74e20f7ebff77d9658af9bef4403f1dc42a7801c0575899"
    },
    "@std/toml@1.0.2": {
      "integrity": "5892ba489c5b512265a384238a8fe8dddbbb9498b4b210ef1b9f0336a423a39b",
      "dependencies": [
        "jsr:@std/collections"
      ]
    }
  },
  "workspace": {
    "dependencies": [
      "jsr:@std/toml@^1.0.2"
    ]
  }
}
